// !$*UTF8*$!
{
	archiveVersion = 1;
	classes = {
	};
	objectVersion = 46;
	objects = {

/* Begin PBXBuildFile section */
		5162D1E01DCD24D200EC08D5 /* main.m in Sources */ = {isa = PBXBuildFile; fileRef = 5162D1DF1DCD24D200EC08D5 /* main.m */; };
		5162D1E31DCD24D200EC08D5 /* AppDelegate.m in Sources */ = {isa = PBXBuildFile; fileRef = 5162D1E21DCD24D200EC08D5 /* AppDelegate.m */; };
		5162D1ED1DCD24D200EC08D5 /* GameViewController.m in Sources */ = {isa = PBXBuildFile; fileRef = 5162D1EC1DCD24D200EC08D5 /* GameViewController.m */; };
		5162D1F01DCD24D300EC08D5 /* Main.storyboard in Resources */ = {isa = PBXBuildFile; fileRef = 5162D1EE1DCD24D200EC08D5 /* Main.storyboard */; };
		5162D1F21DCD24D300EC08D5 /* Assets.xcassets in Resources */ = {isa = PBXBuildFile; fileRef = 5162D1F11DCD24D300EC08D5 /* Assets.xcassets */; };
		5162D1F51DCD24D300EC08D5 /* LaunchScreen.storyboard in Resources */ = {isa = PBXBuildFile; fileRef = 5162D1F31DCD24D300EC08D5 /* LaunchScreen.storyboard */; };
		5176782A1DCE1F4E00FB9E5D /* GameScene.m in Sources */ = {isa = PBXBuildFile; fileRef = 517678231DCE1F4E00FB9E5D /* GameScene.m */; };
		5176782B1DCE1F4E00FB9E5D /* GameStartScreenViewController.m in Sources */ = {isa = PBXBuildFile; fileRef = 517678251DCE1F4E00FB9E5D /* GameStartScreenViewController.m */; };
		5176782C1DCE1F4E00FB9E5D /* GCDAsyncSocket.m in Sources */ = {isa = PBXBuildFile; fileRef = 517678271DCE1F4E00FB9E5D /* GCDAsyncSocket.m */; };
		5176782D1DCE1F4E00FB9E5D /* GCDAsyncUdpSocket.m in Sources */ = {isa = PBXBuildFile; fileRef = 517678291DCE1F4E00FB9E5D /* GCDAsyncUdpSocket.m */; };
		517678321DCE1F6100FB9E5D /* MapScene.m in Sources */ = {isa = PBXBuildFile; fileRef = 5176782F1DCE1F6100FB9E5D /* MapScene.m */; };
		517678331DCE1F6100FB9E5D /* TCPSocketListener.m in Sources */ = {isa = PBXBuildFile; fileRef = 517678311DCE1F6100FB9E5D /* TCPSocketListener.m */; };
		7F52C8031DCE2B3D001DB3A3 /* AMGAudioPlayer.m in Sources */ = {isa = PBXBuildFile; fileRef = 7F52C8001DCE2B3D001DB3A3 /* AMGAudioPlayer.m */; };
		7F52C8041DCE2B3D001DB3A3 /* AMGSoundManager.m in Sources */ = {isa = PBXBuildFile; fileRef = 7F52C8021DCE2B3D001DB3A3 /* AMGSoundManager.m */; };
		7F52C8131DCE7041001DB3A3 /* driving.mp3 in Resources */ = {isa = PBXBuildFile; fileRef = 7F52C8121DCE7041001DB3A3 /* driving.mp3 */; };
		7F52C8191DCE7706001DB3A3 /* drifting.mp3 in Resources */ = {isa = PBXBuildFile; fileRef = 7F52C8181DCE7706001DB3A3 /* drifting.mp3 */; };
		7F65F7C01DCD3993000F96D8 /* NMSSH.framework in Frameworks */ = {isa = PBXBuildFile; fileRef = 7F65F7BF1DCD3993000F96D8 /* NMSSH.framework */; };
		7FCB64921DCDC3FD006812B0 /* Kehrmaschine.swift in Sources */ = {isa = PBXBuildFile; fileRef = 7FCB64911DCDC3FD006812B0 /* Kehrmaschine.swift */; };
/* End PBXBuildFile section */

/* Begin PBXFileReference section */
		514CEB371DCE56CE00080A2D /* PrefixHeader.pch */ = {isa = PBXFileReference; lastKnownFileType = sourcecode.c.h; path = PrefixHeader.pch; sourceTree = "<group>"; };
		5162D1DB1DCD24D200EC08D5 /* KerhMan.app */ = {isa = PBXFileReference; explicitFileType = wrapper.application; includeInIndex = 0; path = KerhMan.app; sourceTree = BUILT_PRODUCTS_DIR; };
		5162D1DF1DCD24D200EC08D5 /* main.m */ = {isa = PBXFileReference; lastKnownFileType = sourcecode.c.objc; path = main.m; sourceTree = "<group>"; };
		5162D1E11DCD24D200EC08D5 /* AppDelegate.h */ = {isa = PBXFileReference; lastKnownFileType = sourcecode.c.h; path = AppDelegate.h; sourceTree = "<group>"; };
		5162D1E21DCD24D200EC08D5 /* AppDelegate.m */ = {isa = PBXFileReference; lastKnownFileType = sourcecode.c.objc; path = AppDelegate.m; sourceTree = "<group>"; };
		5162D1EB1DCD24D200EC08D5 /* GameViewController.h */ = {isa = PBXFileReference; lastKnownFileType = sourcecode.c.h; path = GameViewController.h; sourceTree = "<group>"; };
		5162D1EC1DCD24D200EC08D5 /* GameViewController.m */ = {isa = PBXFileReference; lastKnownFileType = sourcecode.c.objc; path = GameViewController.m; sourceTree = "<group>"; tabWidth = 3; };
		5162D1EF1DCD24D200EC08D5 /* Base */ = {isa = PBXFileReference; lastKnownFileType = file.storyboard; name = Base; path = Base.lproj/Main.storyboard; sourceTree = "<group>"; };
		5162D1F11DCD24D300EC08D5 /* Assets.xcassets */ = {isa = PBXFileReference; lastKnownFileType = folder.assetcatalog; path = Assets.xcassets; sourceTree = "<group>"; };
		5162D1F41DCD24D300EC08D5 /* Base */ = {isa = PBXFileReference; lastKnownFileType = file.storyboard; name = Base; path = Base.lproj/LaunchScreen.storyboard; sourceTree = "<group>"; };
		5162D1F61DCD24D300EC08D5 /* Info.plist */ = {isa = PBXFileReference; lastKnownFileType = text.plist.xml; path = Info.plist; sourceTree = "<group>"; };
		517678221DCE1F4E00FB9E5D /* GameScene.h */ = {isa = PBXFileReference; fileEncoding = 4; lastKnownFileType = sourcecode.c.h; path = GameScene.h; sourceTree = "<group>"; };
		517678231DCE1F4E00FB9E5D /* GameScene.m */ = {isa = PBXFileReference; fileEncoding = 4; lastKnownFileType = sourcecode.c.objc; path = GameScene.m; sourceTree = "<group>"; };
		517678241DCE1F4E00FB9E5D /* GameStartScreenViewController.h */ = {isa = PBXFileReference; fileEncoding = 4; lastKnownFileType = sourcecode.c.h; path = GameStartScreenViewController.h; sourceTree = "<group>"; };
		517678251DCE1F4E00FB9E5D /* GameStartScreenViewController.m */ = {isa = PBXFileReference; fileEncoding = 4; lastKnownFileType = sourcecode.c.objc; path = GameStartScreenViewController.m; sourceTree = "<group>"; };
		517678261DCE1F4E00FB9E5D /* GCDAsyncSocket.h */ = {isa = PBXFileReference; fileEncoding = 4; lastKnownFileType = sourcecode.c.h; path = GCDAsyncSocket.h; sourceTree = "<group>"; };
		517678271DCE1F4E00FB9E5D /* GCDAsyncSocket.m */ = {isa = PBXFileReference; fileEncoding = 4; lastKnownFileType = sourcecode.c.objc; path = GCDAsyncSocket.m; sourceTree = "<group>"; };
		517678281DCE1F4E00FB9E5D /* GCDAsyncUdpSocket.h */ = {isa = PBXFileReference; fileEncoding = 4; lastKnownFileType = sourcecode.c.h; path = GCDAsyncUdpSocket.h; sourceTree = "<group>"; };
		517678291DCE1F4E00FB9E5D /* GCDAsyncUdpSocket.m */ = {isa = PBXFileReference; fileEncoding = 4; lastKnownFileType = sourcecode.c.objc; path = GCDAsyncUdpSocket.m; sourceTree = "<group>"; };
		5176782E1DCE1F6100FB9E5D /* MapScene.h */ = {isa = PBXFileReference; fileEncoding = 4; lastKnownFileType = sourcecode.c.h; path = MapScene.h; sourceTree = "<group>"; };
		5176782F1DCE1F6100FB9E5D /* MapScene.m */ = {isa = PBXFileReference; fileEncoding = 4; lastKnownFileType = sourcecode.c.objc; path = MapScene.m; sourceTree = "<group>"; };
		517678301DCE1F6100FB9E5D /* TCPSocketListener.h */ = {isa = PBXFileReference; fileEncoding = 4; lastKnownFileType = sourcecode.c.h; path = TCPSocketListener.h; sourceTree = "<group>"; };
		517678311DCE1F6100FB9E5D /* TCPSocketListener.m */ = {isa = PBXFileReference; fileEncoding = 4; lastKnownFileType = sourcecode.c.objc; path = TCPSocketListener.m; sourceTree = "<group>"; };
		7F52C7FF1DCE2B3D001DB3A3 /* AMGAudioPlayer.h */ = {isa = PBXFileReference; fileEncoding = 4; lastKnownFileType = sourcecode.c.h; path = AMGAudioPlayer.h; sourceTree = "<group>"; };
		7F52C8001DCE2B3D001DB3A3 /* AMGAudioPlayer.m */ = {isa = PBXFileReference; fileEncoding = 4; lastKnownFileType = sourcecode.c.objc; path = AMGAudioPlayer.m; sourceTree = "<group>"; };
		7F52C8011DCE2B3D001DB3A3 /* AMGSoundManager.h */ = {isa = PBXFileReference; fileEncoding = 4; lastKnownFileType = sourcecode.c.h; path = AMGSoundManager.h; sourceTree = "<group>"; };
		7F52C8021DCE2B3D001DB3A3 /* AMGSoundManager.m */ = {isa = PBXFileReference; fileEncoding = 4; lastKnownFileType = sourcecode.c.objc; path = AMGSoundManager.m; sourceTree = "<group>"; };
		7F52C8121DCE7041001DB3A3 /* driving.mp3 */ = {isa = PBXFileReference; lastKnownFileType = audio.mp3; path = driving.mp3; sourceTree = "<group>"; };
		7F52C8181DCE7706001DB3A3 /* drifting.mp3 */ = {isa = PBXFileReference; lastKnownFileType = audio.mp3; path = drifting.mp3; sourceTree = "<group>"; };
		7F65F7BF1DCD3993000F96D8 /* NMSSH.framework */ = {isa = PBXFileReference; lastKnownFileType = wrapper.framework; name = NMSSH.framework; path = Carthage/Build/iOS/NMSSH.framework; sourceTree = "<group>"; };
		7FCB64901DCDC3FC006812B0 /* KerhMan-Bridging-Header.h */ = {isa = PBXFileReference; lastKnownFileType = sourcecode.c.h; path = "KerhMan-Bridging-Header.h"; sourceTree = "<group>"; };
		7FCB64911DCDC3FD006812B0 /* Kehrmaschine.swift */ = {isa = PBXFileReference; fileEncoding = 4; lastKnownFileType = sourcecode.swift; path = Kehrmaschine.swift; sourceTree = "<group>"; };
/* End PBXFileReference section */

/* Begin PBXFrameworksBuildPhase section */
		5162D1D81DCD24D200EC08D5 /* Frameworks */ = {
			isa = PBXFrameworksBuildPhase;
			buildActionMask = 2147483647;
			files = (
				7F65F7C01DCD3993000F96D8 /* NMSSH.framework in Frameworks */,
			);
			runOnlyForDeploymentPostprocessing = 0;
		};
/* End PBXFrameworksBuildPhase section */

/* Begin PBXGroup section */
		5162D1D21DCD24D200EC08D5 = {
			isa = PBXGroup;
			children = (
				514CEB371DCE56CE00080A2D /* PrefixHeader.pch */,
				5162D1DD1DCD24D200EC08D5 /* KerhMan */,
				5162D1DC1DCD24D200EC08D5 /* Products */,
				7F65F7BE1DCD3993000F96D8 /* Frameworks */,
			);
			sourceTree = "<group>";
		};
		5162D1DC1DCD24D200EC08D5 /* Products */ = {
			isa = PBXGroup;
			children = (
				5162D1DB1DCD24D200EC08D5 /* KerhMan.app */,
			);
			name = Products;
			sourceTree = "<group>";
		};
		5162D1DD1DCD24D200EC08D5 /* KerhMan */ = {
			isa = PBXGroup;
			children = (
				5162D1E11DCD24D200EC08D5 /* AppDelegate.h */,
				5162D1E21DCD24D200EC08D5 /* AppDelegate.m */,
				517678261DCE1F4E00FB9E5D /* GCDAsyncSocket.h */,
				517678271DCE1F4E00FB9E5D /* GCDAsyncSocket.m */,
				517678281DCE1F4E00FB9E5D /* GCDAsyncUdpSocket.h */,
				517678291DCE1F4E00FB9E5D /* GCDAsyncUdpSocket.m */,
				7FCB64911DCDC3FD006812B0 /* Kehrmaschine.swift */,
				517678241DCE1F4E00FB9E5D /* GameStartScreenViewController.h */,
				517678251DCE1F4E00FB9E5D /* GameStartScreenViewController.m */,
				5162D1EB1DCD24D200EC08D5 /* GameViewController.h */,
				5162D1EC1DCD24D200EC08D5 /* GameViewController.m */,
				517678221DCE1F4E00FB9E5D /* GameScene.h */,
				517678231DCE1F4E00FB9E5D /* GameScene.m */,
				5176782E1DCE1F6100FB9E5D /* MapScene.h */,
				5176782F1DCE1F6100FB9E5D /* MapScene.m */,
				517678301DCE1F6100FB9E5D /* TCPSocketListener.h */,
				517678311DCE1F6100FB9E5D /* TCPSocketListener.m */,
				7F52C7FF1DCE2B3D001DB3A3 /* AMGAudioPlayer.h */,
				7F52C8001DCE2B3D001DB3A3 /* AMGAudioPlayer.m */,
				7F52C8011DCE2B3D001DB3A3 /* AMGSoundManager.h */,
				7F52C8021DCE2B3D001DB3A3 /* AMGSoundManager.m */,
				5162D1EE1DCD24D200EC08D5 /* Main.storyboard */,
				5162D1F11DCD24D300EC08D5 /* Assets.xcassets */,
				5162D1F31DCD24D300EC08D5 /* LaunchScreen.storyboard */,
				5162D1F61DCD24D300EC08D5 /* Info.plist */,
				5162D1DE1DCD24D200EC08D5 /* Supporting Files */,
				7FCB64901DCDC3FC006812B0 /* KerhMan-Bridging-Header.h */,
			);
			path = KerhMan;
			sourceTree = "<group>";
		};
		5162D1DE1DCD24D200EC08D5 /* Supporting Files */ = {
			isa = PBXGroup;
			children = (
				7F52C8121DCE7041001DB3A3 /* driving.mp3 */,
				7F52C8181DCE7706001DB3A3 /* drifting.mp3 */,
				5162D1DF1DCD24D200EC08D5 /* main.m */,
			);
			name = "Supporting Files";
			sourceTree = "<group>";
		};
		7F65F7BE1DCD3993000F96D8 /* Frameworks */ = {
			isa = PBXGroup;
			children = (
				7F65F7BF1DCD3993000F96D8 /* NMSSH.framework */,
			);
			name = Frameworks;
			sourceTree = "<group>";
		};
/* End PBXGroup section */

/* Begin PBXNativeTarget section */
		5162D1DA1DCD24D200EC08D5 /* KerhMan */ = {
			isa = PBXNativeTarget;
			buildConfigurationList = 5162D1F91DCD24D300EC08D5 /* Build configuration list for PBXNativeTarget "KerhMan" */;
			buildPhases = (
				5162D1D71DCD24D200EC08D5 /* Sources */,
				5162D1D81DCD24D200EC08D5 /* Frameworks */,
				5162D1D91DCD24D200EC08D5 /* Resources */,
				7F65F7C11DCD3998000F96D8 /* ShellScript */,
			);
			buildRules = (
			);
			dependencies = (
			);
			name = KerhMan;
			productName = KerhMan;
			productReference = 5162D1DB1DCD24D200EC08D5 /* KerhMan.app */;
			productType = "com.apple.product-type.application";
		};
/* End PBXNativeTarget section */

/* Begin PBXProject section */
		5162D1D31DCD24D200EC08D5 /* Project object */ = {
			isa = PBXProject;
			attributes = {
				LastUpgradeCheck = 0810;
				ORGANIZATIONNAME = "Frogg GmbH";
				TargetAttributes = {
					5162D1DA1DCD24D200EC08D5 = {
						CreatedOnToolsVersion = 8.1;
						DevelopmentTeam = 52U6XAJSSF;
						LastSwiftMigration = 0810;
						ProvisioningStyle = Automatic;
					};
				};
			};
			buildConfigurationList = 5162D1D61DCD24D200EC08D5 /* Build configuration list for PBXProject "KerhMan" */;
			compatibilityVersion = "Xcode 3.2";
			developmentRegion = English;
			hasScannedForEncodings = 0;
			knownRegions = (
				en,
				Base,
			);
			mainGroup = 5162D1D21DCD24D200EC08D5;
			productRefGroup = 5162D1DC1DCD24D200EC08D5 /* Products */;
			projectDirPath = "";
			projectRoot = "";
			targets = (
				5162D1DA1DCD24D200EC08D5 /* KerhMan */,
			);
		};
/* End PBXProject section */

/* Begin PBXResourcesBuildPhase section */
		5162D1D91DCD24D200EC08D5 /* Resources */ = {
			isa = PBXResourcesBuildPhase;
			buildActionMask = 2147483647;
			files = (
				5162D1F01DCD24D300EC08D5 /* Main.storyboard in Resources */,
				7F52C8131DCE7041001DB3A3 /* driving.mp3 in Resources */,
				7F52C8191DCE7706001DB3A3 /* drifting.mp3 in Resources */,
				5162D1F21DCD24D300EC08D5 /* Assets.xcassets in Resources */,
				5162D1F51DCD24D300EC08D5 /* LaunchScreen.storyboard in Resources */,
			);
			runOnlyForDeploymentPostprocessing = 0;
		};
/* End PBXResourcesBuildPhase section */

/* Begin PBXShellScriptBuildPhase section */
		7F65F7C11DCD3998000F96D8 /* ShellScript */ = {
			isa = PBXShellScriptBuildPhase;
			buildActionMask = 2147483647;
			files = (
			);
			inputPaths = (
				"$(SRCROOT)/Carthage/Build/iOS/NMSSH.framework",
			);
			outputPaths = (
			);
			runOnlyForDeploymentPostprocessing = 0;
			shellPath = /bin/sh;
			shellScript = "/usr/local/bin/carthage copy-frameworks\n";
		};
/* End PBXShellScriptBuildPhase section */

/* Begin PBXSourcesBuildPhase section */
		5162D1D71DCD24D200EC08D5 /* Sources */ = {
			isa = PBXSourcesBuildPhase;
			buildActionMask = 2147483647;
			files = (
				5176782C1DCE1F4E00FB9E5D /* GCDAsyncSocket.m in Sources */,
				5176782D1DCE1F4E00FB9E5D /* GCDAsyncUdpSocket.m in Sources */,
				5162D1ED1DCD24D200EC08D5 /* GameViewController.m in Sources */,
				7FCB64921DCDC3FD006812B0 /* Kehrmaschine.swift in Sources */,
				517678331DCE1F6100FB9E5D /* TCPSocketListener.m in Sources */,
				7F52C8031DCE2B3D001DB3A3 /* AMGAudioPlayer.m in Sources */,
				5162D1E31DCD24D200EC08D5 /* AppDelegate.m in Sources */,
				5176782A1DCE1F4E00FB9E5D /* GameScene.m in Sources */,
				5162D1E01DCD24D200EC08D5 /* main.m in Sources */,
				7F52C8041DCE2B3D001DB3A3 /* AMGSoundManager.m in Sources */,
				5176782B1DCE1F4E00FB9E5D /* GameStartScreenViewController.m in Sources */,
				517678321DCE1F6100FB9E5D /* MapScene.m in Sources */,
			);
			runOnlyForDeploymentPostprocessing = 0;
		};
/* End PBXSourcesBuildPhase section */

/* Begin PBXVariantGroup section */
		5162D1EE1DCD24D200EC08D5 /* Main.storyboard */ = {
			isa = PBXVariantGroup;
			children = (
				5162D1EF1DCD24D200EC08D5 /* Base */,
			);
			name = Main.storyboard;
			sourceTree = "<group>";
		};
		5162D1F31DCD24D300EC08D5 /* LaunchScreen.storyboard */ = {
			isa = PBXVariantGroup;
			children = (
				5162D1F41DCD24D300EC08D5 /* Base */,
			);
			name = LaunchScreen.storyboard;
			sourceTree = "<group>";
		};
/* End PBXVariantGroup section */

/* Begin XCBuildConfiguration section */
		5162D1F71DCD24D300EC08D5 /* Debug */ = {
			isa = XCBuildConfiguration;
			buildSettings = {
				ALWAYS_SEARCH_USER_PATHS = NO;
				CLANG_ANALYZER_NONNULL = YES;
				CLANG_CXX_LANGUAGE_STANDARD = "gnu++0x";
				CLANG_CXX_LIBRARY = "libc++";
				CLANG_ENABLE_MODULES = YES;
				CLANG_ENABLE_OBJC_ARC = YES;
				CLANG_WARN_BOOL_CONVERSION = YES;
				CLANG_WARN_CONSTANT_CONVERSION = YES;
				CLANG_WARN_DIRECT_OBJC_ISA_USAGE = YES_ERROR;
				CLANG_WARN_DOCUMENTATION_COMMENTS = YES;
				CLANG_WARN_EMPTY_BODY = YES;
				CLANG_WARN_ENUM_CONVERSION = YES;
				CLANG_WARN_INFINITE_RECURSION = YES;
				CLANG_WARN_INT_CONVERSION = YES;
				CLANG_WARN_OBJC_ROOT_CLASS = YES_ERROR;
				CLANG_WARN_SUSPICIOUS_MOVES = YES;
				CLANG_WARN_UNREACHABLE_CODE = YES;
				CLANG_WARN__DUPLICATE_METHOD_MATCH = YES;
				"CODE_SIGN_IDENTITY[sdk=iphoneos*]" = "iPhone Developer";
				COPY_PHASE_STRIP = NO;
				DEBUG_INFORMATION_FORMAT = dwarf;
				ENABLE_STRICT_OBJC_MSGSEND = YES;
				ENABLE_TESTABILITY = YES;
				GCC_C_LANGUAGE_STANDARD = gnu99;
				GCC_DYNAMIC_NO_PIC = NO;
				GCC_NO_COMMON_BLOCKS = YES;
				GCC_OPTIMIZATION_LEVEL = 0;
				GCC_PREPROCESSOR_DEFINITIONS = (
					"DEBUG=1",
					"$(inherited)",
				);
				GCC_WARN_64_TO_32_BIT_CONVERSION = YES;
				GCC_WARN_ABOUT_RETURN_TYPE = YES_ERROR;
				GCC_WARN_UNDECLARED_SELECTOR = YES;
				GCC_WARN_UNINITIALIZED_AUTOS = YES_AGGRESSIVE;
				GCC_WARN_UNUSED_FUNCTION = YES;
				GCC_WARN_UNUSED_VARIABLE = YES;
				IPHONEOS_DEPLOYMENT_TARGET = 10.1;
				MTL_ENABLE_DEBUG_INFO = YES;
				ONLY_ACTIVE_ARCH = YES;
				SDKROOT = iphoneos;
				TARGETED_DEVICE_FAMILY = "1,2";
			};
			name = Debug;
		};
		5162D1F81DCD24D300EC08D5 /* Release */ = {
			isa = XCBuildConfiguration;
			buildSettings = {
				ALWAYS_SEARCH_USER_PATHS = NO;
				CLANG_ANALYZER_NONNULL = YES;
				CLANG_CXX_LANGUAGE_STANDARD = "gnu++0x";
				CLANG_CXX_LIBRARY = "libc++";
				CLANG_ENABLE_MODULES = YES;
				CLANG_ENABLE_OBJC_ARC = YES;
				CLANG_WARN_BOOL_CONVERSION = YES;
				CLANG_WARN_CONSTANT_CONVERSION = YES;
				CLANG_WARN_DIRECT_OBJC_ISA_USAGE = YES_ERROR;
				CLANG_WARN_DOCUMENTATION_COMMENTS = YES;
				CLANG_WARN_EMPTY_BODY = YES;
				CLANG_WARN_ENUM_CONVERSION = YES;
				CLANG_WARN_INFINITE_RECURSION = YES;
				CLANG_WARN_INT_CONVERSION = YES;
				CLANG_WARN_OBJC_ROOT_CLASS = YES_ERROR;
				CLANG_WARN_SUSPICIOUS_MOVES = YES;
				CLANG_WARN_UNREACHABLE_CODE = YES;
				CLANG_WARN__DUPLICATE_METHOD_MATCH = YES;
				"CODE_SIGN_IDENTITY[sdk=iphoneos*]" = "iPhone Developer";
				COPY_PHASE_STRIP = NO;
				DEBUG_INFORMATION_FORMAT = "dwarf-with-dsym";
				ENABLE_NS_ASSERTIONS = NO;
				ENABLE_STRICT_OBJC_MSGSEND = YES;
				GCC_C_LANGUAGE_STANDARD = gnu99;
				GCC_NO_COMMON_BLOCKS = YES;
				GCC_WARN_64_TO_32_BIT_CONVERSION = YES;
				GCC_WARN_ABOUT_RETURN_TYPE = YES_ERROR;
				GCC_WARN_UNDECLARED_SELECTOR = YES;
				GCC_WARN_UNINITIALIZED_AUTOS = YES_AGGRESSIVE;
				GCC_WARN_UNUSED_FUNCTION = YES;
				GCC_WARN_UNUSED_VARIABLE = YES;
				IPHONEOS_DEPLOYMENT_TARGET = 10.1;
				MTL_ENABLE_DEBUG_INFO = NO;
				SDKROOT = iphoneos;
				TARGETED_DEVICE_FAMILY = "1,2";
				VALIDATE_PRODUCT = YES;
			};
			name = Release;
		};
		5162D1FA1DCD24D300EC08D5 /* Debug */ = {
			isa = XCBuildConfiguration;
			buildSettings = {
				ASSETCATALOG_COMPILER_APPICON_NAME = AppIcon;
				CLANG_ENABLE_MODULES = YES;
				DEVELOPMENT_TEAM = 52U6XAJSSF;
				FRAMEWORK_SEARCH_PATHS = (
					"$(inherited)",
					"$(PROJECT_DIR)/Carthage/Build/iOS",
				);
				GCC_PREFIX_HEADER = "$(SRCROOT)/PrefixHeader.pch";
				INFOPLIST_FILE = KerhMan/Info.plist;
				LD_RUNPATH_SEARCH_PATHS = "$(inherited) @executable_path/Frameworks";
				LIBRARY_SEARCH_PATHS = (
					"$(inherited)",
					"$(PROJECT_DIR)/KerhMan",
					"$(PROJECT_DIR)/KerhMan/Libraries/lib",
					"$(PROJECT_DIR)/KerhMan/iPhoneOS10.1-arm64.sdk/lib",
				);
				PRODUCT_BUNDLE_IDENTIFIER = io.frogg.KerhMan;
				PRODUCT_NAME = "$(TARGET_NAME)";
				SWIFT_OBJC_BRIDGING_HEADER = "KerhMan/KerhMan-Bridging-Header.h";
				SWIFT_OPTIMIZATION_LEVEL = "-Onone";
				SWIFT_VERSION = 3.0;
			};
			name = Debug;
		};
		5162D1FB1DCD24D300EC08D5 /* Release */ = {
			isa = XCBuildConfiguration;
			buildSettings = {
				ASSETCATALOG_COMPILER_APPICON_NAME = AppIcon;
				CLANG_ENABLE_MODULES = YES;
				DEVELOPMENT_TEAM = 52U6XAJSSF;
				FRAMEWORK_SEARCH_PATHS = (
					"$(inherited)",
					"$(PROJECT_DIR)/Carthage/Build/iOS",
				);
				GCC_PREFIX_HEADER = "$(SRCROOT)/PrefixHeader.pch";
				INFOPLIST_FILE = KerhMan/Info.plist;
				LD_RUNPATH_SEARCH_PATHS = "$(inherited) @executable_path/Frameworks";
				LIBRARY_SEARCH_PATHS = (
					"$(inherited)",
					"$(PROJECT_DIR)/KerhMan",
					"$(PROJECT_DIR)/KerhMan/Libraries/lib",
					"$(PROJECT_DIR)/KerhMan/iPhoneOS10.1-arm64.sdk/lib",
				);
				PRODUCT_BUNDLE_IDENTIFIER = io.frogg.KerhMan;
				PRODUCT_NAME = "$(TARGET_NAME)";
				SWIFT_OBJC_BRIDGING_HEADER = "KerhMan/KerhMan-Bridging-Header.h";
				SWIFT_VERSION = 3.0;
			};
			name = Release;
		};
/* End XCBuildConfiguration section */

/* Begin XCConfigurationList section */
		5162D1D61DCD24D200EC08D5 /* Build configuration list for PBXProject "KerhMan" */ = {
			isa = XCConfigurationList;
			buildConfigurations = (
				5162D1F71DCD24D300EC08D5 /* Debug */,
				5162D1F81DCD24D300EC08D5 /* Release */,
			);
			defaultConfigurationIsVisible = 0;
			defaultConfigurationName = Release;
		};
		5162D1F91DCD24D300EC08D5 /* Build configuration list for PBXNativeTarget "KerhMan" */ = {
			isa = XCConfigurationList;
			buildConfigurations = (
				5162D1FA1DCD24D300EC08D5 /* Debug */,
				5162D1FB1DCD24D300EC08D5 /* Release */,
			);
			defaultConfigurationIsVisible = 0;
			defaultConfigurationName = Release;
		};
/* End XCConfigurationList section */
	};
	rootObject = 5162D1D31DCD24D200EC08D5 /* Project object */;
}
